
Microsoft Visual Studio Solution File, Format Version 12.00
# Visual Studio 15
VisualStudioVersion = 15.0.27130.2010
MinimumVisualStudioVersion = 10.0.40219.1
Project("{2150E333-8FDC-42A3-9474-1A3956D46DE8}") = "Server", "Server", "{15E0579E-D524-46F2-B59B-9CE2F9B1E2F8}"
EndProject
Project("{2150E333-8FDC-42A3-9474-1A3956D46DE8}") = "Api", "Api", "{4F8AFDA1-746A-42E4-B103-8C8378D9D38D}"
EndProject
Project("{2150E333-8FDC-42A3-9474-1A3956D46DE8}") = "Utils", "Utils", "{12494383-6195-4C2C-B006-2EF058C49066}"
EndProject
Project("{FAE04EC0-301F-11D3-BF4B-00C04F79EFBC}") = "Survey.BL", "Survey.BL\Survey.BL.csproj", "{33358D6D-517A-425D-92F7-D24EF009872A}"
EndProject
Project("{FAE04EC0-301F-11D3-BF4B-00C04F79EFBC}") = "Survey.Model", "Survey.Model\Survey.Model.csproj", "{730803FF-3F0D-46E7-BFCA-63D282F91076}"
EndProject
Project("{FAE04EC0-301F-11D3-BF4B-00C04F79EFBC}") = "Survey.DBTool", "Survey.DBTool\Survey.DBTool.csproj", "{A57F243B-F26B-4CD3-897A-5378969C39ED}"
EndProject
Project("{FAE04EC0-301F-11D3-BF4B-00C04F79EFBC}") = "Survey.API", "Survey.API\Survey.API.csproj", "{454081A8-6A04-4730-867F-C2184B6F7D53}"
EndProject
Project("{FAE04EC0-301F-11D3-BF4B-00C04F79EFBC}") = "Survey.Views", "Survey.Views\Survey.Views.csproj", "{5CD9DA8C-A538-47BB-BB7A-D498C571342B}"
EndProject
Global
	GlobalSection(SolutionConfigurationPlatforms) = preSolution
		Debug|Any CPU = Debug|Any CPU
		Release|Any CPU = Release|Any CPU
	EndGlobalSection
	GlobalSection(ProjectConfigurationPlatforms) = postSolution
		{33358D6D-517A-425D-92F7-D24EF009872A}.Debug|Any CPU.ActiveCfg = Debug|Any CPU
		{33358D6D-517A-425D-92F7-D24EF009872A}.Debug|Any CPU.Build.0 = Debug|Any CPU
		{33358D6D-517A-425D-92F7-D24EF009872A}.Release|Any CPU.ActiveCfg = Release|Any CPU
		{33358D6D-517A-425D-92F7-D24EF009872A}.Release|Any CPU.Build.0 = Release|Any CPU
		{730803FF-3F0D-46E7-BFCA-63D282F91076}.Debug|Any CPU.ActiveCfg = Debug|Any CPU
		{730803FF-3F0D-46E7-BFCA-63D282F91076}.Debug|Any CPU.Build.0 = Debug|Any CPU
		{730803FF-3F0D-46E7-BFCA-63D282F91076}.Release|Any CPU.ActiveCfg = Release|Any CPU
		{730803FF-3F0D-46E7-BFCA-63D282F91076}.Release|Any CPU.Build.0 = Release|Any CPU
		{A57F243B-F26B-4CD3-897A-5378969C39ED}.Debug|Any CPU.ActiveCfg = Debug|Any CPU
		{A57F243B-F26B-4CD3-897A-5378969C39ED}.Debug|Any CPU.Build.0 = Debug|Any CPU
		{A57F243B-F26B-4CD3-897A-5378969C39ED}.Release|Any CPU.ActiveCfg = Release|Any CPU
		{A57F243B-F26B-4CD3-897A-5378969C39ED}.Release|Any CPU.Build.0 = Release|Any CPU
		{454081A8-6A04-4730-867F-C2184B6F7D53}.Debug|Any CPU.ActiveCfg = Debug|Any CPU
		{454081A8-6A04-4730-867F-C2184B6F7D53}.Debug|Any CPU.Build.0 = Debug|Any CPU
		{454081A8-6A04-4730-867F-C2184B6F7D53}.Release|Any CPU.ActiveCfg = Release|Any CPU
		{454081A8-6A04-4730-867F-C2184B6F7D53}.Release|Any CPU.Build.0 = Release|Any CPU
		{5CD9DA8C-A538-47BB-BB7A-D498C571342B}.Debug|Any CPU.ActiveCfg = Debug|Any CPU
		{5CD9DA8C-A538-47BB-BB7A-D498C571342B}.Debug|Any CPU.Build.0 = Debug|Any CPU
		{5CD9DA8C-A538-47BB-BB7A-D498C571342B}.Release|Any CPU.ActiveCfg = Release|Any CPU
		{5CD9DA8C-A538-47BB-BB7A-D498C571342B}.Release|Any CPU.Build.0 = Release|Any CPU
	EndGlobalSection
	GlobalSection(SolutionProperties) = preSolution
		HideSolutionNode = FALSE
	EndGlobalSection
	GlobalSection(NestedProjects) = preSolution
		{33358D6D-517A-425D-92F7-D24EF009872A} = {15E0579E-D524-46F2-B59B-9CE2F9B1E2F8}
		{730803FF-3F0D-46E7-BFCA-63D282F91076} = {15E0579E-D524-46F2-B59B-9CE2F9B1E2F8}
		{A57F243B-F26B-4CD3-897A-5378969C39ED} = {12494383-6195-4C2C-B006-2EF058C49066}
		{454081A8-6A04-4730-867F-C2184B6F7D53} = {4F8AFDA1-746A-42E4-B103-8C8378D9D38D}
		{5CD9DA8C-A538-47BB-BB7A-D498C571342B} = {15E0579E-D524-46F2-B59B-9CE2F9B1E2F8}
	EndGlobalSection
	GlobalSection(ExtensibilityGlobals) = postSolution
		SolutionGuid = {BF0D4EAB-D872-4167-BACB-B35F7E53CBF9}
	EndGlobalSection
EndGlobal
